// !$*UTF8*$!
{
	archiveVersion = 1;
	classes = {
	};
	objectVersion = 56;
	objects = {

/* Begin PBXBuildFile section */
		146694F42BC7200400B3629E /* StatsViewController.swift in Sources */ = {isa = PBXBuildFile; fileRef = 146694F32BC7200400B3629E /* StatsViewController.swift */; };
		39B4658C2BBEF5970070F6A6 /* AppDelegate.swift in Sources */ = {isa = PBXBuildFile; fileRef = 39B4658B2BBEF5970070F6A6 /* AppDelegate.swift */; };
		39B4658E2BBEF5970070F6A6 /* SceneDelegate.swift in Sources */ = {isa = PBXBuildFile; fileRef = 39B4658D2BBEF5970070F6A6 /* SceneDelegate.swift */; };
		39B465902BBEF5970070F6A6 /* ViewController.swift in Sources */ = {isa = PBXBuildFile; fileRef = 39B4658F2BBEF5970070F6A6 /* ViewController.swift */; };
		39B465932BBEF5970070F6A6 /* Base in Resources */ = {isa = PBXBuildFile; fileRef = 39B465922BBEF5970070F6A6 /* Base */; };
		39B465952BBEF5A40070F6A6 /* Assets.xcassets in Resources */ = {isa = PBXBuildFile; fileRef = 39B465942BBEF5A40070F6A6 /* Assets.xcassets */; };
		39B465982BBEF5A40070F6A6 /* Base in Resources */ = {isa = PBXBuildFile; fileRef = 39B465972BBEF5A40070F6A6 /* Base */; };
		39B465A32BBEF5A40070F6A6 /* crosswordAppTests.swift in Sources */ = {isa = PBXBuildFile; fileRef = 39B465A22BBEF5A40070F6A6 /* crosswordAppTests.swift */; };
		39B465AD2BBEF5A40070F6A6 /* crosswordAppUITests.swift in Sources */ = {isa = PBXBuildFile; fileRef = 39B465AC2BBEF5A40070F6A6 /* crosswordAppUITests.swift */; };
		39B465AF2BBEF5A40070F6A6 /* crosswordAppUITestsLaunchTests.swift in Sources */ = {isa = PBXBuildFile; fileRef = 39B465AE2BBEF5A40070F6A6 /* crosswordAppUITestsLaunchTests.swift */; };
		39B465FC2BC1D6270070F6A6 /* MediumPuzzleViewController.swift in Sources */ = {isa = PBXBuildFile; fileRef = 39B465FB2BC1D6270070F6A6 /* MediumPuzzleViewController.swift */; };
		C5CD41B52BC75EA7007AC944 /* EasyPuzzleViewController.swift in Sources */ = {isa = PBXBuildFile; fileRef = C5CD41B42BC75EA7007AC944 /* EasyPuzzleViewController.swift */; };
		C5CD41B62BC75EA7007AC944 /* EasyPuzzleViewController.swift in Sources */ = {isa = PBXBuildFile; fileRef = C5CD41B42BC75EA7007AC944 /* EasyPuzzleViewController.swift */; };
		C5CD41B72BC75EA7007AC944 /* EasyPuzzleViewController.swift in Sources */ = {isa = PBXBuildFile; fileRef = C5CD41B42BC75EA7007AC944 /* EasyPuzzleViewController.swift */; };
		DC094C702BC77F13005EC38F /* HardPuzzleViewController.swift in Sources */ = {isa = PBXBuildFile; fileRef = DC094C6F2BC77F13005EC38F /* HardPuzzleViewController.swift */; };
		E26FB3EF2BD5FB250034E2E5 /* Toast.swift in Sources */ = {isa = PBXBuildFile; fileRef = E26FB3EE2BD5FB250034E2E5 /* Toast.swift */; };
		E28DC22D2BBF22DA00C04BC6 /* SettingsViewController.swift in Sources */ = {isa = PBXBuildFile; fileRef = E28DC22C2BBF22DA00C04BC6 /* SettingsViewController.swift */; };
/* End PBXBuildFile section */

/* Begin PBXContainerItemProxy section */
		39B4659F2BBEF5A40070F6A6 /* PBXContainerItemProxy */ = {
			isa = PBXContainerItemProxy;
			containerPortal = 39B465802BBEF5970070F6A6 /* Project object */;
			proxyType = 1;
			remoteGlobalIDString = 39B465872BBEF5970070F6A6;
			remoteInfo = crosswordApp;
		};
		39B465A92BBEF5A40070F6A6 /* PBXContainerItemProxy */ = {
			isa = PBXContainerItemProxy;
			containerPortal = 39B465802BBEF5970070F6A6 /* Project object */;
			proxyType = 1;
			remoteGlobalIDString = 39B465872BBEF5970070F6A6;
			remoteInfo = crosswordApp;
		};
/* End PBXContainerItemProxy section */

/* Begin PBXFileReference section */
		146694F32BC7200400B3629E /* StatsViewController.swift */ = {isa = PBXFileReference; lastKnownFileType = sourcecode.swift; path = StatsViewController.swift; sourceTree = "<group>"; };
		39B465882BBEF5970070F6A6 /* crosswordApp.app */ = {isa = PBXFileReference; explicitFileType = wrapper.application; includeInIndex = 0; path = crosswordApp.app; sourceTree = BUILT_PRODUCTS_DIR; };
		39B4658B2BBEF5970070F6A6 /* AppDelegate.swift */ = {isa = PBXFileReference; lastKnownFileType = sourcecode.swift; path = AppDelegate.swift; sourceTree = "<group>"; };
		39B4658D2BBEF5970070F6A6 /* SceneDelegate.swift */ = {isa = PBXFileReference; lastKnownFileType = sourcecode.swift; path = SceneDelegate.swift; sourceTree = "<group>"; };
		39B4658F2BBEF5970070F6A6 /* ViewController.swift */ = {isa = PBXFileReference; lastKnownFileType = sourcecode.swift; path = ViewController.swift; sourceTree = "<group>"; };
		39B465922BBEF5970070F6A6 /* Base */ = {isa = PBXFileReference; lastKnownFileType = file.storyboard; name = Base; path = Base.lproj/Main.storyboard; sourceTree = "<group>"; };
		39B465942BBEF5A40070F6A6 /* Assets.xcassets */ = {isa = PBXFileReference; lastKnownFileType = folder.assetcatalog; path = Assets.xcassets; sourceTree = "<group>"; };
		39B465972BBEF5A40070F6A6 /* Base */ = {isa = PBXFileReference; lastKnownFileType = file.storyboard; name = Base; path = Base.lproj/LaunchScreen.storyboard; sourceTree = "<group>"; };
		39B465992BBEF5A40070F6A6 /* Info.plist */ = {isa = PBXFileReference; lastKnownFileType = text.plist.xml; path = Info.plist; sourceTree = "<group>"; };
		39B4659E2BBEF5A40070F6A6 /* crosswordAppTests.xctest */ = {isa = PBXFileReference; explicitFileType = wrapper.cfbundle; includeInIndex = 0; path = crosswordAppTests.xctest; sourceTree = BUILT_PRODUCTS_DIR; };
		39B465A22BBEF5A40070F6A6 /* crosswordAppTests.swift */ = {isa = PBXFileReference; lastKnownFileType = sourcecode.swift; path = crosswordAppTests.swift; sourceTree = "<group>"; };
		39B465A82BBEF5A40070F6A6 /* crosswordAppUITests.xctest */ = {isa = PBXFileReference; explicitFileType = wrapper.cfbundle; includeInIndex = 0; path = crosswordAppUITests.xctest; sourceTree = BUILT_PRODUCTS_DIR; };
		39B465AC2BBEF5A40070F6A6 /* crosswordAppUITests.swift */ = {isa = PBXFileReference; lastKnownFileType = sourcecode.swift; path = crosswordAppUITests.swift; sourceTree = "<group>"; };
		39B465AE2BBEF5A40070F6A6 /* crosswordAppUITestsLaunchTests.swift */ = {isa = PBXFileReference; lastKnownFileType = sourcecode.swift; path = crosswordAppUITestsLaunchTests.swift; sourceTree = "<group>"; };
		39B465FB2BC1D6270070F6A6 /* MediumPuzzleViewController.swift */ = {isa = PBXFileReference; lastKnownFileType = sourcecode.swift; path = MediumPuzzleViewController.swift; sourceTree = "<group>"; };
		C5CD41B42BC75EA7007AC944 /* EasyPuzzleViewController.swift */ = {isa = PBXFileReference; lastKnownFileType = sourcecode.swift; path = EasyPuzzleViewController.swift; sourceTree = "<group>"; };
		DC094C6F2BC77F13005EC38F /* HardPuzzleViewController.swift */ = {isa = PBXFileReference; lastKnownFileType = sourcecode.swift; path = HardPuzzleViewController.swift; sourceTree = "<group>"; };
		E26FB3EE2BD5FB250034E2E5 /* Toast.swift */ = {isa = PBXFileReference; lastKnownFileType = sourcecode.swift; path = Toast.swift; sourceTree = "<group>"; };
		E28DC22C2BBF22DA00C04BC6 /* SettingsViewController.swift */ = {isa = PBXFileReference; lastKnownFileType = sourcecode.swift; path = SettingsViewController.swift; sourceTree = "<group>"; };
/* End PBXFileReference section */

/* Begin PBXFrameworksBuildPhase section */
		39B465852BBEF5970070F6A6 /* Frameworks */ = {
			isa = PBXFrameworksBuildPhase;
			buildActionMask = 2147483647;
			files = (
			);
			runOnlyForDeploymentPostprocessing = 0;
		};
		39B4659B2BBEF5A40070F6A6 /* Frameworks */ = {
			isa = PBXFrameworksBuildPhase;
			buildActionMask = 2147483647;
			files = (
			);
			runOnlyForDeploymentPostprocessing = 0;
		};
		39B465A52BBEF5A40070F6A6 /* Frameworks */ = {
			isa = PBXFrameworksBuildPhase;
			buildActionMask = 2147483647;
			files = (
			);
			runOnlyForDeploymentPostprocessing = 0;
		};
/* End PBXFrameworksBuildPhase section */

/* Begin PBXGroup section */
		39B4657F2BBEF5970070F6A6 = {
			isa = PBXGroup;
			children = (
				39B4658A2BBEF5970070F6A6 /* crosswordApp */,
				39B465A12BBEF5A40070F6A6 /* crosswordAppTests */,
				39B465AB2BBEF5A40070F6A6 /* crosswordAppUITests */,
				39B465892BBEF5970070F6A6 /* Products */,
			);
			sourceTree = "<group>";
		};
		39B465892BBEF5970070F6A6 /* Products */ = {
			isa = PBXGroup;
			children = (
				39B465882BBEF5970070F6A6 /* crosswordApp.app */,
				39B4659E2BBEF5A40070F6A6 /* crosswordAppTests.xctest */,
				39B465A82BBEF5A40070F6A6 /* crosswordAppUITests.xctest */,
			);
			name = Products;
			sourceTree = "<group>";
		};
		39B4658A2BBEF5970070F6A6 /* crosswordApp */ = {
			isa = PBXGroup;
			children = (
				39B4658B2BBEF5970070F6A6 /* AppDelegate.swift */,
				39B4658D2BBEF5970070F6A6 /* SceneDelegate.swift */,
				39B4658F2BBEF5970070F6A6 /* ViewController.swift */,
				39B465912BBEF5970070F6A6 /* Main.storyboard */,
				DC094C6F2BC77F13005EC38F /* HardPuzzleViewController.swift */,
				39B465FB2BC1D6270070F6A6 /* MediumPuzzleViewController.swift */,
				39B465942BBEF5A40070F6A6 /* Assets.xcassets */,
				39B465962BBEF5A40070F6A6 /* LaunchScreen.storyboard */,
				39B465992BBEF5A40070F6A6 /* Info.plist */,
				E28DC22C2BBF22DA00C04BC6 /* SettingsViewController.swift */,
				146694F32BC7200400B3629E /* StatsViewController.swift */,
				C5CD41B42BC75EA7007AC944 /* EasyPuzzleViewController.swift */,
				E26FB3EE2BD5FB250034E2E5 /* Toast.swift */,
			);
			path = crosswordApp;
			sourceTree = "<group>";
		};
		39B465A12BBEF5A40070F6A6 /* crosswordAppTests */ = {
			isa = PBXGroup;
			children = (
				39B465A22BBEF5A40070F6A6 /* crosswordAppTests.swift */,
			);
			path = crosswordAppTests;
			sourceTree = "<group>";
		};
		39B465AB2BBEF5A40070F6A6 /* crosswordAppUITests */ = {
			isa = PBXGroup;
			children = (
				39B465AC2BBEF5A40070F6A6 /* crosswordAppUITests.swift */,
				39B465AE2BBEF5A40070F6A6 /* crosswordAppUITestsLaunchTests.swift */,
			);
			path = crosswordAppUITests;
			sourceTree = "<group>";
		};
/* End PBXGroup section */

/* Begin PBXNativeTarget section */
		39B465872BBEF5970070F6A6 /* crosswordApp */ = {
			isa = PBXNativeTarget;
			buildConfigurationList = 39B465B22BBEF5A40070F6A6 /* Build configuration list for PBXNativeTarget "crosswordApp" */;
			buildPhases = (
				39B465842BBEF5970070F6A6 /* Sources */,
				39B465852BBEF5970070F6A6 /* Frameworks */,
				39B465862BBEF5970070F6A6 /* Resources */,
			);
			buildRules = (
			);
			dependencies = (
			);
			name = crosswordApp;
			productName = crosswordApp;
			productReference = 39B465882BBEF5970070F6A6 /* crosswordApp.app */;
			productType = "com.apple.product-type.application";
		};
		39B4659D2BBEF5A40070F6A6 /* crosswordAppTests */ = {
			isa = PBXNativeTarget;
			buildConfigurationList = 39B465B52BBEF5A40070F6A6 /* Build configuration list for PBXNativeTarget "crosswordAppTests" */;
			buildPhases = (
				39B4659A2BBEF5A40070F6A6 /* Sources */,
				39B4659B2BBEF5A40070F6A6 /* Frameworks */,
				39B4659C2BBEF5A40070F6A6 /* Resources */,
			);
			buildRules = (
			);
			dependencies = (
				39B465A02BBEF5A40070F6A6 /* PBXTargetDependency */,
			);
			name = crosswordAppTests;
			productName = crosswordAppTests;
			productReference = 39B4659E2BBEF5A40070F6A6 /* crosswordAppTests.xctest */;
			productType = "com.apple.product-type.bundle.unit-test";
		};
		39B465A72BBEF5A40070F6A6 /* crosswordAppUITests */ = {
			isa = PBXNativeTarget;
			buildConfigurationList = 39B465B82BBEF5A40070F6A6 /* Build configuration list for PBXNativeTarget "crosswordAppUITests" */;
			buildPhases = (
				39B465A42BBEF5A40070F6A6 /* Sources */,
				39B465A52BBEF5A40070F6A6 /* Frameworks */,
				39B465A62BBEF5A40070F6A6 /* Resources */,
			);
			buildRules = (
			);
			dependencies = (
				39B465AA2BBEF5A40070F6A6 /* PBXTargetDependency */,
			);
			name = crosswordAppUITests;
			productName = crosswordAppUITests;
			productReference = 39B465A82BBEF5A40070F6A6 /* crosswordAppUITests.xctest */;
			productType = "com.apple.product-type.bundle.ui-testing";
		};
/* End PBXNativeTarget section */

/* Begin PBXProject section */
		39B465802BBEF5970070F6A6 /* Project object */ = {
			isa = PBXProject;
			attributes = {
				BuildIndependentTargetsInParallel = 1;
				LastSwiftUpdateCheck = 1530;
				LastUpgradeCheck = 1530;
				TargetAttributes = {
					39B465872BBEF5970070F6A6 = {
						CreatedOnToolsVersion = 15.3;
					};
					39B4659D2BBEF5A40070F6A6 = {
						CreatedOnToolsVersion = 15.3;
						TestTargetID = 39B465872BBEF5970070F6A6;
					};
					39B465A72BBEF5A40070F6A6 = {
						CreatedOnToolsVersion = 15.3;
						TestTargetID = 39B465872BBEF5970070F6A6;
					};
				};
			};
			buildConfigurationList = 39B465832BBEF5970070F6A6 /* Build configuration list for PBXProject "crosswordApp" */;
			compatibilityVersion = "Xcode 14.0";
			developmentRegion = en;
			hasScannedForEncodings = 0;
			knownRegions = (
				en,
				Base,
			);
			mainGroup = 39B4657F2BBEF5970070F6A6;
			productRefGroup = 39B465892BBEF5970070F6A6 /* Products */;
			projectDirPath = "";
			projectRoot = "";
			targets = (
				39B465872BBEF5970070F6A6 /* crosswordApp */,
				39B4659D2BBEF5A40070F6A6 /* crosswordAppTests */,
				39B465A72BBEF5A40070F6A6 /* crosswordAppUITests */,
			);
		};
/* End PBXProject section */

/* Begin PBXResourcesBuildPhase section */
		39B465862BBEF5970070F6A6 /* Resources */ = {
			isa = PBXResourcesBuildPhase;
			buildActionMask = 2147483647;
			files = (
				39B465952BBEF5A40070F6A6 /* Assets.xcassets in Resources */,
				39B465982BBEF5A40070F6A6 /* Base in Resources */,
				39B465932BBEF5970070F6A6 /* Base in Resources */,
			);
			runOnlyForDeploymentPostprocessing = 0;
		};
		39B4659C2BBEF5A40070F6A6 /* Resources */ = {
			isa = PBXResourcesBuildPhase;
			buildActionMask = 2147483647;
			files = (
			);
			runOnlyForDeploymentPostprocessing = 0;
		};
		39B465A62BBEF5A40070F6A6 /* Resources */ = {
			isa = PBXResourcesBuildPhase;
			buildActionMask = 2147483647;
			files = (
			);
			runOnlyForDeploymentPostprocessing = 0;
		};
/* End PBXResourcesBuildPhase section */

/* Begin PBXSourcesBuildPhase section */
		39B465842BBEF5970070F6A6 /* Sources */ = {
			isa = PBXSourcesBuildPhase;
			buildActionMask = 2147483647;
			files = (
				39B465FC2BC1D6270070F6A6 /* MediumPuzzleViewController.swift in Sources */,
				DC094C702BC77F13005EC38F /* HardPuzzleViewController.swift in Sources */,
				39B465902BBEF5970070F6A6 /* ViewController.swift in Sources */,
				39B4658C2BBEF5970070F6A6 /* AppDelegate.swift in Sources */,
				39B4658E2BBEF5970070F6A6 /* SceneDelegate.swift in Sources */,
				146694F42BC7200400B3629E /* StatsViewController.swift in Sources */,
				C5CD41B52BC75EA7007AC944 /* EasyPuzzleViewController.swift in Sources */,
				E26FB3EF2BD5FB250034E2E5 /* Toast.swift in Sources */,
				E28DC22D2BBF22DA00C04BC6 /* SettingsViewController.swift in Sources */,
			);
			runOnlyForDeploymentPostprocessing = 0;
		};
		39B4659A2BBEF5A40070F6A6 /* Sources */ = {
			isa = PBXSourcesBuildPhase;
			buildActionMask = 2147483647;
			files = (
				C5CD41B62BC75EA7007AC944 /* EasyPuzzleViewController.swift in Sources */,
				39B465A32BBEF5A40070F6A6 /* crosswordAppTests.swift in Sources */,
			);
			runOnlyForDeploymentPostprocessing = 0;
		};
		39B465A42BBEF5A40070F6A6 /* Sources */ = {
			isa = PBXSourcesBuildPhase;
			buildActionMask = 2147483647;
			files = (
				39B465AD2BBEF5A40070F6A6 /* crosswordAppUITests.swift in Sources */,
				C5CD41B72BC75EA7007AC944 /* EasyPuzzleViewController.swift in Sources */,
				39B465AF2BBEF5A40070F6A6 /* crosswordAppUITestsLaunchTests.swift in Sources */,
			);
			runOnlyForDeploymentPostprocessing = 0;
		};
/* End PBXSourcesBuildPhase section */

/* Begin PBXTargetDependency section */
		39B465A02BBEF5A40070F6A6 /* PBXTargetDependency */ = {
			isa = PBXTargetDependency;
			target = 39B465872BBEF5970070F6A6 /* crosswordApp */;
			targetProxy = 39B4659F2BBEF5A40070F6A6 /* PBXContainerItemProxy */;
		};
		39B465AA2BBEF5A40070F6A6 /* PBXTargetDependency */ = {
			isa = PBXTargetDependency;
			target = 39B465872BBEF5970070F6A6 /* crosswordApp */;
			targetProxy = 39B465A92BBEF5A40070F6A6 /* PBXContainerItemProxy */;
		};
/* End PBXTargetDependency section */

/* Begin PBXVariantGroup section */
		39B465912BBEF5970070F6A6 /* Main.storyboard */ = {
			isa = PBXVariantGroup;
			children = (
				39B465922BBEF5970070F6A6 /* Base */,
			);
			name = Main.storyboard;
			sourceTree = "<group>";
		};
		39B465962BBEF5A40070F6A6 /* LaunchScreen.storyboard */ = {
			isa = PBXVariantGroup;
			children = (
				39B465972BBEF5A40070F6A6 /* Base */,
			);
			name = LaunchScreen.storyboard;
			sourceTree = "<group>";
		};
/* End PBXVariantGroup section */

/* Begin XCBuildConfiguration section */
		39B465B02BBEF5A40070F6A6 /* Debug */ = {
			isa = XCBuildConfiguration;
			buildSettings = {
				ALWAYS_SEARCH_USER_PATHS = NO;
				ASSETCATALOG_COMPILER_GENERATE_SWIFT_ASSET_SYMBOL_EXTENSIONS = YES;
				CLANG_ANALYZER_NONNULL = YES;
				CLANG_ANALYZER_NUMBER_OBJECT_CONVERSION = YES_AGGRESSIVE;
				CLANG_CXX_LANGUAGE_STANDARD = "gnu++20";
				CLANG_ENABLE_MODULES = YES;
				CLANG_ENABLE_OBJC_ARC = YES;
				CLANG_ENABLE_OBJC_WEAK = YES;
				CLANG_WARN_BLOCK_CAPTURE_AUTORELEASING = YES;
				CLANG_WARN_BOOL_CONVERSION = YES;
				CLANG_WARN_COMMA = YES;
				CLANG_WARN_CONSTANT_CONVERSION = YES;
				CLANG_WARN_DEPRECATED_OBJC_IMPLEMENTATIONS = YES;
				CLANG_WARN_DIRECT_OBJC_ISA_USAGE = YES_ERROR;
				CLANG_WARN_DOCUMENTATION_COMMENTS = YES;
				CLANG_WARN_EMPTY_BODY = YES;
				CLANG_WARN_ENUM_CONVERSION = YES;
				CLANG_WARN_INFINITE_RECURSION = YES;
				CLANG_WARN_INT_CONVERSION = YES;
				CLANG_WARN_NON_LITERAL_NULL_CONVERSION = YES;
				CLANG_WARN_OBJC_IMPLICIT_RETAIN_SELF = YES;
				CLANG_WARN_OBJC_LITERAL_CONVERSION = YES;
				CLANG_WARN_OBJC_ROOT_CLASS = YES_ERROR;
				CLANG_WARN_QUOTED_INCLUDE_IN_FRAMEWORK_HEADER = YES;
				CLANG_WARN_RANGE_LOOP_ANALYSIS = YES;
				CLANG_WARN_STRICT_PROTOTYPES = YES;
				CLANG_WARN_SUSPICIOUS_MOVE = YES;
				CLANG_WARN_UNGUARDED_AVAILABILITY = YES_AGGRESSIVE;
				CLANG_WARN_UNREACHABLE_CODE = YES;
				CLANG_WARN__DUPLICATE_METHOD_MATCH = YES;
				COPY_PHASE_STRIP = NO;
				DEBUG_INFORMATION_FORMAT = dwarf;
				ENABLE_STRICT_OBJC_MSGSEND = YES;
				ENABLE_TESTABILITY = YES;
				ENABLE_USER_SCRIPT_SANDBOXING = YES;
				GCC_C_LANGUAGE_STANDARD = gnu17;
				GCC_DYNAMIC_NO_PIC = NO;
				GCC_NO_COMMON_BLOCKS = YES;
				GCC_OPTIMIZATION_LEVEL = 0;
				GCC_PREPROCESSOR_DEFINITIONS = (
					"DEBUG=1",
					"$(inherited)",
				);
				GCC_WARN_64_TO_32_BIT_CONVERSION = YES;
				GCC_WARN_ABOUT_RETURN_TYPE = YES_ERROR;
				GCC_WARN_UNDECLARED_SELECTOR = YES;
				GCC_WARN_UNINITIALIZED_AUTOS = YES_AGGRESSIVE;
				GCC_WARN_UNUSED_FUNCTION = YES;
				GCC_WARN_UNUSED_VARIABLE = YES;
				IPHONEOS_DEPLOYMENT_TARGET = 17.4;
				LOCALIZATION_PREFERS_STRING_CATALOGS = YES;
				MTL_ENABLE_DEBUG_INFO = INCLUDE_SOURCE;
				MTL_FAST_MATH = YES;
				ONLY_ACTIVE_ARCH = YES;
				SDKROOT = iphoneos;
				SWIFT_ACTIVE_COMPILATION_CONDITIONS = "DEBUG $(inherited)";
				SWIFT_OPTIMIZATION_LEVEL = "-Onone";
			};
			name = Debug;
		};
		39B465B12BBEF5A40070F6A6 /* Release */ = {
			isa = XCBuildConfiguration;
			buildSettings = {
				ALWAYS_SEARCH_USER_PATHS = NO;
				ASSETCATALOG_COMPILER_GENERATE_SWIFT_ASSET_SYMBOL_EXTENSIONS = YES;
				CLANG_ANALYZER_NONNULL = YES;
				CLANG_ANALYZER_NUMBER_OBJECT_CONVERSION = YES_AGGRESSIVE;
				CLANG_CXX_LANGUAGE_STANDARD = "gnu++20";
				CLANG_ENABLE_MODULES = YES;
				CLANG_ENABLE_OBJC_ARC = YES;
				CLANG_ENABLE_OBJC_WEAK = YES;
				CLANG_WARN_BLOCK_CAPTURE_AUTORELEASING = YES;
				CLANG_WARN_BOOL_CONVERSION = YES;
				CLANG_WARN_COMMA = YES;
				CLANG_WARN_CONSTANT_CONVERSION = YES;
				CLANG_WARN_DEPRECATED_OBJC_IMPLEMENTATIONS = YES;
				CLANG_WARN_DIRECT_OBJC_ISA_USAGE = YES_ERROR;
				CLANG_WARN_DOCUMENTATION_COMMENTS = YES;
				CLANG_WARN_EMPTY_BODY = YES;
				CLANG_WARN_ENUM_CONVERSION = YES;
				CLANG_WARN_INFINITE_RECURSION = YES;
				CLANG_WARN_INT_CONVERSION = YES;
				CLANG_WARN_NON_LITERAL_NULL_CONVERSION = YES;
				CLANG_WARN_OBJC_IMPLICIT_RETAIN_SELF = YES;
				CLANG_WARN_OBJC_LITERAL_CONVERSION = YES;
				CLANG_WARN_OBJC_ROOT_CLASS = YES_ERROR;
				CLANG_WARN_QUOTED_INCLUDE_IN_FRAMEWORK_HEADER = YES;
				CLANG_WARN_RANGE_LOOP_ANALYSIS = YES;
				CLANG_WARN_STRICT_PROTOTYPES = YES;
				CLANG_WARN_SUSPICIOUS_MOVE = YES;
				CLANG_WARN_UNGUARDED_AVAILABILITY = YES_AGGRESSIVE;
				CLANG_WARN_UNREACHABLE_CODE = YES;
				CLANG_WARN__DUPLICATE_METHOD_MATCH = YES;
				COPY_PHASE_STRIP = NO;
				DEBUG_INFORMATION_FORMAT = "dwarf-with-dsym";
				ENABLE_NS_ASSERTIONS = NO;
				ENABLE_STRICT_OBJC_MSGSEND = YES;
				ENABLE_USER_SCRIPT_SANDBOXING = YES;
				GCC_C_LANGUAGE_STANDARD = gnu17;
				GCC_NO_COMMON_BLOCKS = YES;
				GCC_WARN_64_TO_32_BIT_CONVERSION = YES;
				GCC_WARN_ABOUT_RETURN_TYPE = YES_ERROR;
				GCC_WARN_UNDECLARED_SELECTOR = YES;
				GCC_WARN_UNINITIALIZED_AUTOS = YES_AGGRESSIVE;
				GCC_WARN_UNUSED_FUNCTION = YES;
				GCC_WARN_UNUSED_VARIABLE = YES;
				IPHONEOS_DEPLOYMENT_TARGET = 17.4;
				LOCALIZATION_PREFERS_STRING_CATALOGS = YES;
				MTL_ENABLE_DEBUG_INFO = NO;
				MTL_FAST_MATH = YES;
				SDKROOT = iphoneos;
				SWIFT_COMPILATION_MODE = wholemodule;
				VALIDATE_PRODUCT = YES;
			};
			name = Release;
		};
		39B465B32BBEF5A40070F6A6 /* Debug */ = {
			isa = XCBuildConfiguration;
			buildSettings = {
				ASSETCATALOG_COMPILER_APPICON_NAME = AppIcon;
				ASSETCATALOG_COMPILER_GLOBAL_ACCENT_COLOR_NAME = AccentColor;
				CODE_SIGN_STYLE = Automatic;
				CURRENT_PROJECT_VERSION = 1;
				GENERATE_INFOPLIST_FILE = YES;
				INFOPLIST_FILE = crosswordApp/Info.plist;
				INFOPLIST_KEY_UIApplicationSupportsIndirectInputEvents = YES;
				INFOPLIST_KEY_UILaunchStoryboardName = LaunchScreen;
				INFOPLIST_KEY_UIMainStoryboardFile = Main;
				INFOPLIST_KEY_UISupportedInterfaceOrientations_iPad = "UIInterfaceOrientationPortrait UIInterfaceOrientationPortraitUpsideDown UIInterfaceOrientationLandscapeLeft UIInterfaceOrientationLandscapeRight";
				INFOPLIST_KEY_UISupportedInterfaceOrientations_iPhone = "UIInterfaceOrientationPortrait UIInterfaceOrientationLandscapeLeft UIInterfaceOrientationLandscapeRight";
				IPHONEOS_DEPLOYMENT_TARGET = 15.5;
				LD_RUNPATH_SEARCH_PATHS = (
					"$(inherited)",
					"@executable_path/Frameworks",
				);
				MARKETING_VERSION = 1.0;
				PRODUCT_BUNDLE_IDENTIFIER = nwwmsu.crosswordApp;
				PRODUCT_NAME = "$(TARGET_NAME)";
				SWIFT_EMIT_LOC_STRINGS = YES;
				SWIFT_VERSION = 5.0;
				TARGETED_DEVICE_FAMILY = "1,2";
			};
			name = Debug;
		};
		39B465B42BBEF5A40070F6A6 /* Release */ = {
			isa = XCBuildConfiguration;
			buildSettings = {
				ASSETCATALOG_COMPILER_APPICON_NAME = AppIcon;
				ASSETCATALOG_COMPILER_GLOBAL_ACCENT_COLOR_NAME = AccentColor;
				CODE_SIGN_STYLE = Automatic;
				CURRENT_PROJECT_VERSION = 1;
				GENERATE_INFOPLIST_FILE = YES;
				INFOPLIST_FILE = crosswordApp/Info.plist;
				INFOPLIST_KEY_UIApplicationSupportsIndirectInputEvents = YES;
				INFOPLIST_KEY_UILaunchStoryboardName = LaunchScreen;
				INFOPLIST_KEY_UIMainStoryboardFile = Main;
				INFOPLIST_KEY_UISupportedInterfaceOrientations_iPad = "UIInterfaceOrientationPortrait UIInterfaceOrientationPortraitUpsideDown UIInterfaceOrientationLandscapeLeft UIInterfaceOrientationLandscapeRight";
				INFOPLIST_KEY_UISupportedInterfaceOrientations_iPhone = "UIInterfaceOrientationPortrait UIInterfaceOrientationLandscapeLeft UIInterfaceOrientationLandscapeRight";
				IPHONEOS_DEPLOYMENT_TARGET = 15.5;
				LD_RUNPATH_SEARCH_PATHS = (
					"$(inherited)",
					"@executable_path/Frameworks",
				);
				MARKETING_VERSION = 1.0;
				PRODUCT_BUNDLE_IDENTIFIER = nwwmsu.crosswordApp;
				PRODUCT_NAME = "$(TARGET_NAME)";
				SWIFT_EMIT_LOC_STRINGS = YES;
				SWIFT_VERSION = 5.0;
				TARGETED_DEVICE_FAMILY = "1,2";
			};
			name = Release;
		};
		39B465B62BBEF5A40070F6A6 /* Debug */ = {
			isa = XCBuildConfiguration;
			buildSettings = {
				ALWAYS_EMBED_SWIFT_STANDARD_LIBRARIES = YES;
				BUNDLE_LOADER = "$(TEST_HOST)";
				CODE_SIGN_STYLE = Automatic;
				CURRENT_PROJECT_VERSION = 1;
				GENERATE_INFOPLIST_FILE = YES;
				IPHONEOS_DEPLOYMENT_TARGET = 17.4;
				MARKETING_VERSION = 1.0;
				PRODUCT_BUNDLE_IDENTIFIER = nwwmsu.crosswordAppTests;
				PRODUCT_NAME = "$(TARGET_NAME)";
				SWIFT_EMIT_LOC_STRINGS = NO;
				SWIFT_VERSION = 5.0;
				TARGETED_DEVICE_FAMILY = "1,2";
				TEST_HOST = "$(BUILT_PRODUCTS_DIR)/crosswordApp.app/$(BUNDLE_EXECUTABLE_FOLDER_PATH)/crosswordApp";
			};
			name = Debug;
		};
		39B465B72BBEF5A40070F6A6 /* Release */ = {
			isa = XCBuildConfiguration;
			buildSettings = {
				ALWAYS_EMBED_SWIFT_STANDARD_LIBRARIES = YES;
				BUNDLE_LOADER = "$(TEST_HOST)";
				CODE_SIGN_STYLE = Automatic;
				CURRENT_PROJECT_VERSION = 1;
				GENERATE_INFOPLIST_FILE = YES;
				IPHONEOS_DEPLOYMENT_TARGET = 17.4;
				MARKETING_VERSION = 1.0;
				PRODUCT_BUNDLE_IDENTIFIER = nwwmsu.crosswordAppTests;
				PRODUCT_NAME = "$(TARGET_NAME)";
				SWIFT_EMIT_LOC_STRINGS = NO;
				SWIFT_VERSION = 5.0;
				TARGETED_DEVICE_FAMILY = "1,2";
				TEST_HOST = "$(BUILT_PRODUCTS_DIR)/crosswordApp.app/$(BUNDLE_EXECUTABLE_FOLDER_PATH)/crosswordApp";
			};
			name = Release;
		};
		39B465B92BBEF5A40070F6A6 /* Debug */ = {
			isa = XCBuildConfiguration;
			buildSettings = {
				ALWAYS_EMBED_SWIFT_STANDARD_LIBRARIES = YES;
				CODE_SIGN_STYLE = Automatic;
				CURRENT_PROJECT_VERSION = 1;
				GENERATE_INFOPLIST_FILE = YES;
				MARKETING_VERSION = 1.0;
				PRODUCT_BUNDLE_IDENTIFIER = nwwmsu.crosswordAppUITests;
				PRODUCT_NAME = "$(TARGET_NAME)";
				SWIFT_EMIT_LOC_STRINGS = NO;
				SWIFT_VERSION = 5.0;
				TARGETED_DEVICE_FAMILY = "1,2";
				TEST_TARGET_NAME = crosswordApp;
			};
			name = Debug;
		};
		39B465BA2BBEF5A40070F6A6 /* Release */ = {
			isa = XCBuildConfiguration;
			buildSettings = {
				ALWAYS_EMBED_SWIFT_STANDARD_LIBRARIES = YES;
				CODE_SIGN_STYLE = Automatic;
				CURRENT_PROJECT_VERSION = 1;
				GENERATE_INFOPLIST_FILE = YES;
				MARKETING_VERSION = 1.0;
				PRODUCT_BUNDLE_IDENTIFIER = nwwmsu.crosswordAppUITests;
				PRODUCT_NAME = "$(TARGET_NAME)";
				SWIFT_EMIT_LOC_STRINGS = NO;
				SWIFT_VERSION = 5.0;
				TARGETED_DEVICE_FAMILY = "1,2";
				TEST_TARGET_NAME = crosswordApp;
			};
			name = Release;
		};
/* End XCBuildConfiguration section */

/* Begin XCConfigurationList section */
		39B465832BBEF5970070F6A6 /* Build configuration list for PBXProject "crosswordApp" */ = {
			isa = XCConfigurationList;
			buildConfigurations = (
				39B465B02BBEF5A40070F6A6 /* Debug */,
				39B465B12BBEF5A40070F6A6 /* Release */,
			);
			defaultConfigurationIsVisible = 0;
			defaultConfigurationName = Release;
		};
		39B465B22BBEF5A40070F6A6 /* Build configuration list for PBXNativeTarget "crosswordApp" */ = {
			isa = XCConfigurationList;
			buildConfigurations = (
				39B465B32BBEF5A40070F6A6 /* Debug */,
				39B465B42BBEF5A40070F6A6 /* Release */,
			);
			defaultConfigurationIsVisible = 0;
			defaultConfigurationName = Release;
		};
		39B465B52BBEF5A40070F6A6 /* Build configuration list for PBXNativeTarget "crosswordAppTests" */ = {
			isa = XCConfigurationList;
			buildConfigurations = (
				39B465B62BBEF5A40070F6A6 /* Debug */,
				39B465B72BBEF5A40070F6A6 /* Release */,
			);
			defaultConfigurationIsVisible = 0;
			defaultConfigurationName = Release;
		};
		39B465B82BBEF5A40070F6A6 /* Build configuration list for PBXNativeTarget "crosswordAppUITests" */ = {
			isa = XCConfigurationList;
			buildConfigurations = (
				39B465B92BBEF5A40070F6A6 /* Debug */,
				39B465BA2BBEF5A40070F6A6 /* Release */,
			);
			defaultConfigurationIsVisible = 0;
			defaultConfigurationName = Release;
		};
/* End XCConfigurationList section */
	};
	rootObject = 39B465802BBEF5970070F6A6 /* Project object */;
}
